
Microsoft Visual Studio Solution File, Format Version 12.00
# Visual Studio Version 16
VisualStudioVersion = 16.0.31911.196
MinimumVisualStudioVersion = 10.0.40219.1
Project("{9A19103F-16F7-4668-BE54-9A1E7A4F7556}") = "QLgs.EdoCta.API", "QLgs.EdoCta.API.csproj", "{C6094546-4270-4C8D-A3A9-046004074739}"
EndProject
Global
	GlobalSection(SolutionConfigurationPlatforms) = preSolution
		Debug|Any CPU = Debug|Any CPU
		Release|Any CPU = Release|Any CPU
	EndGlobalSection
	GlobalSection(ProjectConfigurationPlatforms) = postSolution
		{C6094546-4270-4C8D-A3A9-046004074739}.Debug|Any CPU.ActiveCfg = Debug|Any CPU
		{C6094546-4270-4C8D-A3A9-046004074739}.Debug|Any CPU.Build.0 = Debug|Any CPU
		{C6094546-4270-4C8D-A3A9-046004074739}.Release|Any CPU.ActiveCfg = Release|Any CPU
		{C6094546-4270-4C8D-A3A9-046004074739}.Release|Any CPU.Build.0 = Release|Any CPU
	EndGlobalSection
	GlobalSection(SolutionProperties) = preSolution
		HideSolutionNode = FALSE
	EndGlobalSection
	GlobalSection(ExtensibilityGlobals) = postSolution
		SolutionGuid = {99F98042-B54C-4BC1-9B75-31E3D3A2DB57}
	EndGlobalSection
EndGlobal
